
Microsoft Visual Studio Solution File, Format Version 12.00
# Visual Studio Version 17
VisualStudioVersion = 17.8.34408.163
MinimumVisualStudioVersion = 10.0.40219.1
Project("{FAE04EC0-301F-11D3-BF4B-00C04F79EFBC}") = "Foxia mod installer", "Foxia mod installer\Foxia mod installer.csproj", "{FE0E721D-A13B-4CD0-8A50-DECAD0F38485}"
EndProject
Global
	GlobalSection(SolutionConfigurationPlatforms) = preSolution
		Debug|Any CPU = Debug|Any CPU
		Release|Any CPU = Release|Any CPU
	EndGlobalSection
	GlobalSection(ProjectConfigurationPlatforms) = postSolution
		{FE0E721D-A13B-4CD0-8A50-DECAD0F38485}.Debug|Any CPU.ActiveCfg = Debug|Any CPU
		{FE0E721D-A13B-4CD0-8A50-DECAD0F38485}.Debug|Any CPU.Build.0 = Debug|Any CPU
		{FE0E721D-A13B-4CD0-8A50-DECAD0F38485}.Release|Any CPU.ActiveCfg = Release|Any CPU
		{FE0E721D-A13B-4CD0-8A50-DECAD0F38485}.Release|Any CPU.Build.0 = Release|Any CPU
	EndGlobalSection
	GlobalSection(SolutionProperties) = preSolution
		HideSolutionNode = FALSE
	EndGlobalSection
	GlobalSection(ExtensibilityGlobals) = postSolution
		SolutionGuid = {A5CDB558-28D2-4007-B67C-C710468B4E1D}
	EndGlobalSection
EndGlobal
